
Microsoft Visual Studio Solution File, Format Version 12.00
# Visual Studio Version 17
VisualStudioVersion = 17.8.34004.107
MinimumVisualStudioVersion = 10.0.40219.1
Project("{FAE04EC0-301F-11D3-BF4B-00C04F79EFBC}") = "SemaphoreDemo", "SemaphoreDemo.csproj", "{1026204B-3AB5-4A66-90E3-20CE01BC77CC}"
EndProject
Global
	GlobalSection(SolutionConfigurationPlatforms) = preSolution
		Debug|Any CPU = Debug|Any CPU
		Release|Any CPU = Release|Any CPU
	EndGlobalSection
	GlobalSection(ProjectConfigurationPlatforms) = postSolution
		{1026204B-3AB5-4A66-90E3-20CE01BC77CC}.Debug|Any CPU.ActiveCfg = Debug|Any CPU
		{1026204B-3AB5-4A66-90E3-20CE01BC77CC}.Debug|Any CPU.Build.0 = Debug|Any CPU
		{1026204B-3AB5-4A66-90E3-20CE01BC77CC}.Release|Any CPU.ActiveCfg = Release|Any CPU
		{1026204B-3AB5-4A66-90E3-20CE01BC77CC}.Release|Any CPU.Build.0 = Release|Any CPU
	EndGlobalSection
	GlobalSection(SolutionProperties) = preSolution
		HideSolutionNode = FALSE
	EndGlobalSection
	GlobalSection(ExtensibilityGlobals) = postSolution
		SolutionGuid = {8537758D-04F1-4945-8F76-4E6A9854057E}
	EndGlobalSection
EndGlobal
