
Microsoft Visual Studio Solution File, Format Version 12.00
# Visual Studio Version 17
VisualStudioVersion = 17.4.32804.182
MinimumVisualStudioVersion = 10.0.40219.1
Project("{FAE04EC0-301F-11D3-BF4B-00C04F79EFBC}") = "MyGCWPF", "..\MyGCWPF\MyGCWPF.csproj", "{F125F0C2-2764-4DEC-B333-7F0E85D30B5A}"
EndProject
Global
	GlobalSection(SolutionConfigurationPlatforms) = preSolution
		Debug|Any CPU = Debug|Any CPU
		Release|Any CPU = Release|Any CPU
	EndGlobalSection
	GlobalSection(ProjectConfigurationPlatforms) = postSolution
		{F125F0C2-2764-4DEC-B333-7F0E85D30B5A}.Debug|Any CPU.ActiveCfg = Debug|Any CPU
		{F125F0C2-2764-4DEC-B333-7F0E85D30B5A}.Debug|Any CPU.Build.0 = Debug|Any CPU
		{F125F0C2-2764-4DEC-B333-7F0E85D30B5A}.Release|Any CPU.ActiveCfg = Release|Any CPU
		{F125F0C2-2764-4DEC-B333-7F0E85D30B5A}.Release|Any CPU.Build.0 = Release|Any CPU
	EndGlobalSection
	GlobalSection(SolutionProperties) = preSolution
		HideSolutionNode = FALSE
	EndGlobalSection
	GlobalSection(ExtensibilityGlobals) = postSolution
		SolutionGuid = {741A3A62-238F-4F94-A804-A716D2E5A40E}
	EndGlobalSection
EndGlobal
