
Microsoft Visual Studio Solution File, Format Version 12.00
Project("{FAE04EC0-301F-11D3-BF4B-00C04F79EFBC}") = "PrismTableDemo", "PrismTableDemo.csproj", "{C5906D0C-BEBA-4E51-9C65-6F045DE241D6}"
EndProject
Global
	GlobalSection(SolutionConfigurationPlatforms) = preSolution
		Debug|Any CPU = Debug|Any CPU
		Release|Any CPU = Release|Any CPU
	EndGlobalSection
	GlobalSection(ProjectConfigurationPlatforms) = postSolution
		{C5906D0C-BEBA-4E51-9C65-6F045DE241D6}.Debug|Any CPU.ActiveCfg = Debug|Any CPU
		{C5906D0C-BEBA-4E51-9C65-6F045DE241D6}.Debug|Any CPU.Build.0 = Debug|Any CPU
		{C5906D0C-BEBA-4E51-9C65-6F045DE241D6}.Release|Any CPU.ActiveCfg = Release|Any CPU
		{C5906D0C-BEBA-4E51-9C65-6F045DE241D6}.Release|Any CPU.Build.0 = Release|Any CPU
	EndGlobalSection
EndGlobal
