
Microsoft Visual Studio Solution File, Format Version 12.00
# Visual Studio Version 17
VisualStudioVersion = 17.8.34309.116
MinimumVisualStudioVersion = 10.0.40219.1
Project("{8BC9CEB8-8B4A-11D0-8D11-00A0C91BC942}") = "KMDFDriverDemo", "KMDFDriverDemo.vcxproj", "{44F2D69F-FC0F-49E3-8DB5-238F178CD3C6}"
EndProject
Global
	GlobalSection(SolutionConfigurationPlatforms) = preSolution
		Debug|ARM64 = Debug|ARM64
		Debug|x64 = Debug|x64
		Release|ARM64 = Release|ARM64
		Release|x64 = Release|x64
	EndGlobalSection
	GlobalSection(ProjectConfigurationPlatforms) = postSolution
		{44F2D69F-FC0F-49E3-8DB5-238F178CD3C6}.Debug|ARM64.ActiveCfg = Debug|ARM64
		{44F2D69F-FC0F-49E3-8DB5-238F178CD3C6}.Debug|ARM64.Build.0 = Debug|ARM64
		{44F2D69F-FC0F-49E3-8DB5-238F178CD3C6}.Debug|ARM64.Deploy.0 = Debug|ARM64
		{44F2D69F-FC0F-49E3-8DB5-238F178CD3C6}.Debug|x64.ActiveCfg = Debug|x64
		{44F2D69F-FC0F-49E3-8DB5-238F178CD3C6}.Debug|x64.Build.0 = Debug|x64
		{44F2D69F-FC0F-49E3-8DB5-238F178CD3C6}.Debug|x64.Deploy.0 = Debug|x64
		{44F2D69F-FC0F-49E3-8DB5-238F178CD3C6}.Release|ARM64.ActiveCfg = Release|ARM64
		{44F2D69F-FC0F-49E3-8DB5-238F178CD3C6}.Release|ARM64.Build.0 = Release|ARM64
		{44F2D69F-FC0F-49E3-8DB5-238F178CD3C6}.Release|ARM64.Deploy.0 = Release|ARM64
		{44F2D69F-FC0F-49E3-8DB5-238F178CD3C6}.Release|x64.ActiveCfg = Release|x64
		{44F2D69F-FC0F-49E3-8DB5-238F178CD3C6}.Release|x64.Build.0 = Release|x64
		{44F2D69F-FC0F-49E3-8DB5-238F178CD3C6}.Release|x64.Deploy.0 = Release|x64
	EndGlobalSection
	GlobalSection(SolutionProperties) = preSolution
		HideSolutionNode = FALSE
	EndGlobalSection
	GlobalSection(ExtensibilityGlobals) = postSolution
		SolutionGuid = {84743CD2-5C67-47A6-8E56-7D0BD3E529D5}
	EndGlobalSection
EndGlobal
