
Microsoft Visual Studio Solution File, Format Version 12.00
# Visual Studio Version 17
VisualStudioVersion = 17.8.34330.188
MinimumVisualStudioVersion = 10.0.40219.1
Project("{FAE04EC0-301F-11D3-BF4B-00C04F79EFBC}") = "SearchDirverDemo", "SearchDirverDemo.csproj", "{612EF277-6613-4218-B33E-E5D20A3D75B3}"
EndProject
Global
	GlobalSection(SolutionConfigurationPlatforms) = preSolution
		Debug|Any CPU = Debug|Any CPU
		Release|Any CPU = Release|Any CPU
	EndGlobalSection
	GlobalSection(ProjectConfigurationPlatforms) = postSolution
		{612EF277-6613-4218-B33E-E5D20A3D75B3}.Debug|Any CPU.ActiveCfg = Debug|Any CPU
		{612EF277-6613-4218-B33E-E5D20A3D75B3}.Debug|Any CPU.Build.0 = Debug|Any CPU
		{612EF277-6613-4218-B33E-E5D20A3D75B3}.Release|Any CPU.ActiveCfg = Release|Any CPU
		{612EF277-6613-4218-B33E-E5D20A3D75B3}.Release|Any CPU.Build.0 = Release|Any CPU
	EndGlobalSection
	GlobalSection(SolutionProperties) = preSolution
		HideSolutionNode = FALSE
	EndGlobalSection
	GlobalSection(ExtensibilityGlobals) = postSolution
		SolutionGuid = {FA2029BA-2353-4BA8-990F-021B94BF4814}
	EndGlobalSection
EndGlobal
