
Microsoft Visual Studio Solution File, Format Version 12.00
Project("{FAE04EC0-301F-11D3-BF4B-00C04F79EFBC}") = "PerformanceCounter", "PerformanceCounter.csproj", "{FEAF1D25-F756-44EA-90B5-25FC6FA37D26}"
EndProject
Global
	GlobalSection(SolutionConfigurationPlatforms) = preSolution
		Debug|Any CPU = Debug|Any CPU
		Release|Any CPU = Release|Any CPU
	EndGlobalSection
	GlobalSection(ProjectConfigurationPlatforms) = postSolution
		{FEAF1D25-F756-44EA-90B5-25FC6FA37D26}.Debug|Any CPU.ActiveCfg = Debug|Any CPU
		{FEAF1D25-F756-44EA-90B5-25FC6FA37D26}.Debug|Any CPU.Build.0 = Debug|Any CPU
		{FEAF1D25-F756-44EA-90B5-25FC6FA37D26}.Release|Any CPU.ActiveCfg = Release|Any CPU
		{FEAF1D25-F756-44EA-90B5-25FC6FA37D26}.Release|Any CPU.Build.0 = Release|Any CPU
	EndGlobalSection
EndGlobal
