
Microsoft Visual Studio Solution File, Format Version 12.00
# Visual Studio Version 17
VisualStudioVersion = 17.8.34004.107
MinimumVisualStudioVersion = 10.0.40219.1
Project("{FAE04EC0-301F-11D3-BF4B-00C04F79EFBC}") = "TraceDemo", "TraceDemo.csproj", "{F450F816-6249-41F8-9745-56F8D3D9F272}"
EndProject
Project("{FAE04EC0-301F-11D3-BF4B-00C04F79EFBC}") = "TraceAOT", "..\TraceAOT\TraceAOT.csproj", "{93A05726-8104-4FAC-9228-A32A90D00AD9}"
EndProject
Global
	GlobalSection(SolutionConfigurationPlatforms) = preSolution
		Debug|Any CPU = Debug|Any CPU
		Release|Any CPU = Release|Any CPU
	EndGlobalSection
	GlobalSection(ProjectConfigurationPlatforms) = postSolution
		{F450F816-6249-41F8-9745-56F8D3D9F272}.Debug|Any CPU.ActiveCfg = Debug|Any CPU
		{F450F816-6249-41F8-9745-56F8D3D9F272}.Debug|Any CPU.Build.0 = Debug|Any CPU
		{F450F816-6249-41F8-9745-56F8D3D9F272}.Release|Any CPU.ActiveCfg = Release|Any CPU
		{F450F816-6249-41F8-9745-56F8D3D9F272}.Release|Any CPU.Build.0 = Release|Any CPU
		{93A05726-8104-4FAC-9228-A32A90D00AD9}.Debug|Any CPU.ActiveCfg = Debug|Any CPU
		{93A05726-8104-4FAC-9228-A32A90D00AD9}.Debug|Any CPU.Build.0 = Debug|Any CPU
		{93A05726-8104-4FAC-9228-A32A90D00AD9}.Release|Any CPU.ActiveCfg = Release|Any CPU
		{93A05726-8104-4FAC-9228-A32A90D00AD9}.Release|Any CPU.Build.0 = Release|Any CPU
	EndGlobalSection
	GlobalSection(SolutionProperties) = preSolution
		HideSolutionNode = FALSE
	EndGlobalSection
	GlobalSection(ExtensibilityGlobals) = postSolution
		SolutionGuid = {5B2FD6DE-47BF-4C4C-ADA7-263050DE8D92}
	EndGlobalSection
EndGlobal
