
Microsoft Visual Studio Solution File, Format Version 12.00
# Visual Studio Version 16
VisualStudioVersion = 16.0.31205.134
MinimumVisualStudioVersion = 10.0.40219.1
Project("{FAE04EC0-301F-11D3-BF4B-00C04F79EFBC}") = "MessageCenter", "MessageCenter.csproj", "{DDE91F19-093B-44B1-B8A8-5B906DDB7FDF}"
EndProject
Project("{9A19103F-16F7-4668-BE54-9A1E7A4F7556}") = "Juster.Common", "Juster.Common\Juster.Common.csproj", "{1C895E43-6917-472A-AAB9-35CB6E96D634}"
EndProject
Global
	GlobalSection(SolutionConfigurationPlatforms) = preSolution
		Debug|Any CPU = Debug|Any CPU
		Release|Any CPU = Release|Any CPU
	EndGlobalSection
	GlobalSection(ProjectConfigurationPlatforms) = postSolution
		{DDE91F19-093B-44B1-B8A8-5B906DDB7FDF}.Debug|Any CPU.ActiveCfg = Debug|Any CPU
		{DDE91F19-093B-44B1-B8A8-5B906DDB7FDF}.Debug|Any CPU.Build.0 = Debug|Any CPU
		{DDE91F19-093B-44B1-B8A8-5B906DDB7FDF}.Release|Any CPU.ActiveCfg = Release|Any CPU
		{DDE91F19-093B-44B1-B8A8-5B906DDB7FDF}.Release|Any CPU.Build.0 = Release|Any CPU
		{1C895E43-6917-472A-AAB9-35CB6E96D634}.Debug|Any CPU.ActiveCfg = Debug|Any CPU
		{1C895E43-6917-472A-AAB9-35CB6E96D634}.Debug|Any CPU.Build.0 = Debug|Any CPU
		{1C895E43-6917-472A-AAB9-35CB6E96D634}.Release|Any CPU.ActiveCfg = Release|Any CPU
		{1C895E43-6917-472A-AAB9-35CB6E96D634}.Release|Any CPU.Build.0 = Release|Any CPU
	EndGlobalSection
	GlobalSection(SolutionProperties) = preSolution
		HideSolutionNode = FALSE
	EndGlobalSection
	GlobalSection(ExtensibilityGlobals) = postSolution
		SolutionGuid = {1B8ACC63-0738-4352-8917-49232406E050}
	EndGlobalSection
EndGlobal
