
Microsoft Visual Studio Solution File, Format Version 12.00
# Visual Studio Version 17
VisualStudioVersion = 17.8.34330.188
MinimumVisualStudioVersion = 10.0.40219.1
Project("{FAE04EC0-301F-11D3-BF4B-00C04F79EFBC}") = "BTreeDemo", "BTreeDemo.csproj", "{A9587EC1-365A-4B0C-A716-6A27E2C6BAC5}"
EndProject
Global
	GlobalSection(SolutionConfigurationPlatforms) = preSolution
		Debug|Any CPU = Debug|Any CPU
		Release|Any CPU = Release|Any CPU
	EndGlobalSection
	GlobalSection(ProjectConfigurationPlatforms) = postSolution
		{A9587EC1-365A-4B0C-A716-6A27E2C6BAC5}.Debug|Any CPU.ActiveCfg = Debug|Any CPU
		{A9587EC1-365A-4B0C-A716-6A27E2C6BAC5}.Debug|Any CPU.Build.0 = Debug|Any CPU
		{A9587EC1-365A-4B0C-A716-6A27E2C6BAC5}.Release|Any CPU.ActiveCfg = Release|Any CPU
		{A9587EC1-365A-4B0C-A716-6A27E2C6BAC5}.Release|Any CPU.Build.0 = Release|Any CPU
	EndGlobalSection
	GlobalSection(SolutionProperties) = preSolution
		HideSolutionNode = FALSE
	EndGlobalSection
	GlobalSection(ExtensibilityGlobals) = postSolution
		SolutionGuid = {2EC47FF9-9966-4A92-B7E5-CE1DFC80732A}
	EndGlobalSection
EndGlobal
