
Microsoft Visual Studio Solution File, Format Version 12.00
# Visual Studio Version 16
VisualStudioVersion = 16.0.31205.134
MinimumVisualStudioVersion = 10.0.40219.1
Project("{9A19103F-16F7-4668-BE54-9A1E7A4F7556}") = "AsnycLoad", "AsnycLoad.csproj", "{824B72AA-90C6-4B97-8C3D-680B151976B7}"
EndProject
Project("{9A19103F-16F7-4668-BE54-9A1E7A4F7556}") = "Juster.Common", "Juster.Common\Juster.Common.csproj", "{95AC887F-6CB6-4C39-BEBE-83510131043C}"
EndProject
Global
	GlobalSection(SolutionConfigurationPlatforms) = preSolution
		Debug|Any CPU = Debug|Any CPU
		Release|Any CPU = Release|Any CPU
	EndGlobalSection
	GlobalSection(ProjectConfigurationPlatforms) = postSolution
		{824B72AA-90C6-4B97-8C3D-680B151976B7}.Debug|Any CPU.ActiveCfg = Debug|Any CPU
		{824B72AA-90C6-4B97-8C3D-680B151976B7}.Debug|Any CPU.Build.0 = Debug|Any CPU
		{824B72AA-90C6-4B97-8C3D-680B151976B7}.Release|Any CPU.ActiveCfg = Release|Any CPU
		{824B72AA-90C6-4B97-8C3D-680B151976B7}.Release|Any CPU.Build.0 = Release|Any CPU
		{95AC887F-6CB6-4C39-BEBE-83510131043C}.Debug|Any CPU.ActiveCfg = Debug|Any CPU
		{95AC887F-6CB6-4C39-BEBE-83510131043C}.Debug|Any CPU.Build.0 = Debug|Any CPU
		{95AC887F-6CB6-4C39-BEBE-83510131043C}.Release|Any CPU.ActiveCfg = Release|Any CPU
		{95AC887F-6CB6-4C39-BEBE-83510131043C}.Release|Any CPU.Build.0 = Release|Any CPU
	EndGlobalSection
	GlobalSection(SolutionProperties) = preSolution
		HideSolutionNode = FALSE
	EndGlobalSection
	GlobalSection(ExtensibilityGlobals) = postSolution
		SolutionGuid = {196A9D55-90F6-4409-89F1-E1FC08F3F8E0}
	EndGlobalSection
EndGlobal
