
Microsoft Visual Studio Solution File, Format Version 12.00
Project("{FAE04EC0-301F-11D3-BF4B-00C04F79EFBC}") = "RedisTest", "RedisTest.csproj", "{D116AC24-37E8-48D7-B28A-03595A2A9977}"
EndProject
Global
	GlobalSection(SolutionConfigurationPlatforms) = preSolution
		Debug|Any CPU = Debug|Any CPU
		Release|Any CPU = Release|Any CPU
	EndGlobalSection
	GlobalSection(ProjectConfigurationPlatforms) = postSolution
		{D116AC24-37E8-48D7-B28A-03595A2A9977}.Debug|Any CPU.ActiveCfg = Debug|Any CPU
		{D116AC24-37E8-48D7-B28A-03595A2A9977}.Debug|Any CPU.Build.0 = Debug|Any CPU
		{D116AC24-37E8-48D7-B28A-03595A2A9977}.Release|Any CPU.ActiveCfg = Release|Any CPU
		{D116AC24-37E8-48D7-B28A-03595A2A9977}.Release|Any CPU.Build.0 = Release|Any CPU
	EndGlobalSection
EndGlobal
