
Microsoft Visual Studio Solution File, Format Version 12.00
# Visual Studio Version 17
VisualStudioVersion = 17.11.35327.3
MinimumVisualStudioVersion = 10.0.40219.1
Project("{FAE04EC0-301F-11D3-BF4B-00C04F79EFBC}") = "MauiApp9", "MauiApp9.csproj", "{A48495ED-4090-43BA-945B-7558D25AFC55}"
EndProject
Global
	GlobalSection(SolutionConfigurationPlatforms) = preSolution
		Debug|Any CPU = Debug|Any CPU
		Release|Any CPU = Release|Any CPU
	EndGlobalSection
	GlobalSection(ProjectConfigurationPlatforms) = postSolution
		{A48495ED-4090-43BA-945B-7558D25AFC55}.Debug|Any CPU.ActiveCfg = Debug|Any CPU
		{A48495ED-4090-43BA-945B-7558D25AFC55}.Debug|Any CPU.Build.0 = Debug|Any CPU
		{A48495ED-4090-43BA-945B-7558D25AFC55}.Debug|Any CPU.Deploy.0 = Debug|Any CPU
		{A48495ED-4090-43BA-945B-7558D25AFC55}.Release|Any CPU.ActiveCfg = Release|Any CPU
		{A48495ED-4090-43BA-945B-7558D25AFC55}.Release|Any CPU.Build.0 = Release|Any CPU
		{A48495ED-4090-43BA-945B-7558D25AFC55}.Release|Any CPU.Deploy.0 = Release|Any CPU
	EndGlobalSection
	GlobalSection(SolutionProperties) = preSolution
		HideSolutionNode = FALSE
	EndGlobalSection
	GlobalSection(ExtensibilityGlobals) = postSolution
		SolutionGuid = {5F06FE42-0474-44EF-91C8-84D97E6E70D8}
	EndGlobalSection
EndGlobal
