
Microsoft Visual Studio Solution File, Format Version 12.00
# Visual Studio Version 17
VisualStudioVersion = 17.8.34408.163
MinimumVisualStudioVersion = 10.0.40219.1
Project("{FAE04EC0-301F-11D3-BF4B-00C04F79EFBC}") = "MauiVideoDemo", "MauiVideoDemo.csproj", "{99BB19D8-C638-40CA-9621-090DBDDD77C2}"
EndProject
Global
	GlobalSection(SolutionConfigurationPlatforms) = preSolution
		Debug|Any CPU = Debug|Any CPU
		Release|Any CPU = Release|Any CPU
	EndGlobalSection
	GlobalSection(ProjectConfigurationPlatforms) = postSolution
		{99BB19D8-C638-40CA-9621-090DBDDD77C2}.Debug|Any CPU.ActiveCfg = Debug|Any CPU
		{99BB19D8-C638-40CA-9621-090DBDDD77C2}.Debug|Any CPU.Build.0 = Debug|Any CPU
		{99BB19D8-C638-40CA-9621-090DBDDD77C2}.Debug|Any CPU.Deploy.0 = Debug|Any CPU
		{99BB19D8-C638-40CA-9621-090DBDDD77C2}.Release|Any CPU.ActiveCfg = Release|Any CPU
		{99BB19D8-C638-40CA-9621-090DBDDD77C2}.Release|Any CPU.Build.0 = Release|Any CPU
		{99BB19D8-C638-40CA-9621-090DBDDD77C2}.Release|Any CPU.Deploy.0 = Release|Any CPU
	EndGlobalSection
	GlobalSection(SolutionProperties) = preSolution
		HideSolutionNode = FALSE
	EndGlobalSection
	GlobalSection(ExtensibilityGlobals) = postSolution
		SolutionGuid = {3335895A-41A4-47D2-BBD4-8A102919DBBA}
	EndGlobalSection
EndGlobal
