
Microsoft Visual Studio Solution File, Format Version 12.00
# Visual Studio Version 17
VisualStudioVersion = 17.8.34004.107
MinimumVisualStudioVersion = 10.0.40219.1
Project("{FAE04EC0-301F-11D3-BF4B-00C04F79EFBC}") = "OptimisticPessimistic", "OptimisticPessimistic.csproj", "{D9AF7A40-1000-4682-BA30-B2A93D173900}"
EndProject
Global
	GlobalSection(SolutionConfigurationPlatforms) = preSolution
		Debug|Any CPU = Debug|Any CPU
		Release|Any CPU = Release|Any CPU
	EndGlobalSection
	GlobalSection(ProjectConfigurationPlatforms) = postSolution
		{D9AF7A40-1000-4682-BA30-B2A93D173900}.Debug|Any CPU.ActiveCfg = Debug|Any CPU
		{D9AF7A40-1000-4682-BA30-B2A93D173900}.Debug|Any CPU.Build.0 = Debug|Any CPU
		{D9AF7A40-1000-4682-BA30-B2A93D173900}.Release|Any CPU.ActiveCfg = Release|Any CPU
		{D9AF7A40-1000-4682-BA30-B2A93D173900}.Release|Any CPU.Build.0 = Release|Any CPU
	EndGlobalSection
	GlobalSection(SolutionProperties) = preSolution
		HideSolutionNode = FALSE
	EndGlobalSection
	GlobalSection(ExtensibilityGlobals) = postSolution
		SolutionGuid = {9DBDB550-15AE-434C-BFF1-B460B1DCD332}
	EndGlobalSection
EndGlobal
