
Microsoft Visual Studio Solution File, Format Version 12.00
Project("{FAE04EC0-301F-11D3-BF4B-00C04F79EFBC}") = "StructLayoutDemo", "StructLayoutDemo.csproj", "{4AE7A7FB-2E21-40EB-9F91-C808ACA56FAA}"
EndProject
Global
	GlobalSection(SolutionConfigurationPlatforms) = preSolution
		Debug|Any CPU = Debug|Any CPU
		Release|Any CPU = Release|Any CPU
	EndGlobalSection
	GlobalSection(ProjectConfigurationPlatforms) = postSolution
		{4AE7A7FB-2E21-40EB-9F91-C808ACA56FAA}.Debug|Any CPU.ActiveCfg = Debug|Any CPU
		{4AE7A7FB-2E21-40EB-9F91-C808ACA56FAA}.Debug|Any CPU.Build.0 = Debug|Any CPU
		{4AE7A7FB-2E21-40EB-9F91-C808ACA56FAA}.Release|Any CPU.ActiveCfg = Release|Any CPU
		{4AE7A7FB-2E21-40EB-9F91-C808ACA56FAA}.Release|Any CPU.Build.0 = Release|Any CPU
	EndGlobalSection
EndGlobal
